{
  "version": 4,
  "terraform_version": "1.7.5",
  "serial": 31,
  "lineage": "fd92f2f3-ec8f-ae5f-2992-59c2c783762d",
  "outputs": {},
  "resources": [
    {
      "mode": "managed",
      "type": "aws_eks_access_entry",
      "name": "access",
      "provider": "provider[\"registry.terraform.io/hashicorp/aws\"]",
      "instances": [
        {
          "schema_version": 0,
          "attributes": {
            "access_entry_arn": "arn:aws:eks:us-east-1:559588913990:access-entry/tech/role/559588913990/voclabs/84c7748f-1a14-bd71-140e-cd63035e50a0",
            "cluster_name": "tech",
            "created_at": "2024-04-16T22:54:14Z",
            "id": "tech:arn:aws:iam::559588913990:role/voclabs",
            "kubernetes_groups": [
              "app",
              "tech"
            ],
            "modified_at": "2024-04-16T22:54:14Z",
            "principal_arn": "arn:aws:iam::559588913990:role/voclabs",
            "tags": {},
            "tags_all": {},
            "timeouts": null,
            "type": "STANDARD",
            "user_name": "arn:aws:sts::559588913990:assumed-role/voclabs/{{SessionName}}"
          },
          "sensitive_attributes": [],
          "private": "eyJlMmJmYjczMC1lY2FhLTExZTYtOGY4OC0zNDM2M2JjN2M0YzAiOnsiY3JlYXRlIjo2MDAwMDAwMDAwMDAsImRlbGV0ZSI6NjAwMDAwMDAwMDAwfX0=",
          "dependencies": [
            "aws_eks_cluster.tech"
          ]
        }
      ]
    },
    {
      "mode": "managed",
      "type": "aws_eks_access_policy_association",
      "name": "policy",
      "provider": "provider[\"registry.terraform.io/hashicorp/aws\"]",
      "instances": [
        {
          "schema_version": 0,
          "attributes": {
            "access_scope": [
              {
                "namespaces": [],
                "type": "cluster"
              }
            ],
            "associated_at": "2024-04-16 22:54:14.848 +0000 UTC",
            "cluster_name": "tech",
            "id": "tech#arn:aws:iam::559588913990:role/voclabs#arn:aws:eks::aws:cluster-access-policy/AmazonEKSClusterAdminPolicy",
            "modified_at": "2024-04-16 22:54:14.848 +0000 UTC",
            "policy_arn": "arn:aws:eks::aws:cluster-access-policy/AmazonEKSClusterAdminPolicy",
            "principal_arn": "arn:aws:iam::559588913990:role/voclabs",
            "timeouts": null
          },
          "sensitive_attributes": [],
          "private": "eyJlMmJmYjczMC1lY2FhLTExZTYtOGY4OC0zNDM2M2JjN2M0YzAiOnsiY3JlYXRlIjo2MDAwMDAwMDAwMDAsImRlbGV0ZSI6NjAwMDAwMDAwMDAwfX0=",
          "dependencies": [
            "aws_eks_cluster.tech"
          ]
        }
      ]
    },
    {
      "mode": "managed",
      "type": "aws_eks_cluster",
      "name": "tech",
      "provider": "provider[\"registry.terraform.io/hashicorp/aws\"]",
      "instances": [
        {
          "schema_version": 0,
          "attributes": {
            "access_config": [
              {
                "authentication_mode": "API_AND_CONFIG_MAP",
                "bootstrap_cluster_creator_admin_permissions": false
              }
            ],
            "arn": "arn:aws:eks:us-east-1:559588913990:cluster/tech",
            "certificate_authority": [
              {
                "data": "LS0tLS1CRUdJTiBDRVJUSUZJQ0FURS0tLS0tCk1JSURCVENDQWUyZ0F3SUJBZ0lJTHA3THJNK21yZ2d3RFFZSktvWklodmNOQVFFTEJRQXdGVEVUTUJFR0ExVUUKQXhNS2EzVmlaWEp1WlhSbGN6QWVGdzB5TkRBME1UWXlNalExTlRSYUZ3MHpOREEwTVRReU1qVXdOVFJhTUJVeApFekFSQmdOVkJBTVRDbXQxWW1WeWJtVjBaWE13Z2dFaU1BMEdDU3FHU0liM0RRRUJBUVVBQTRJQkR3QXdnZ0VLCkFvSUJBUURVYS9xMHphL2dIeUtkSTBOTFlTd1VKM0FiSnh4RnErclg3MXVieXJWdUptczEvay9SZXBTSmpydnoKd3o1MEZiQVQ3aUVGdjI3TWdXU2d0S3BhR0xjbmQ1eS92bmtXNVdLK3VOUUo4N01OU1FpeVlITHB6N2xnZnlsRQp3cUk2L2thVFFEMkZMNVJjeDlvRmpKSFo3Ymc1UDRmTG51TUR4dEdwUjhnTnZnVGhkNGg1NldwRnM5WXE0OXp6ClRRUFo2bnlmQmR0MFJkM2VNL1A2MHRYREFXeTBSQW15ZzZXRDZYdXE4V0cyemtsQ09QNDlsem1CbUZFZ1NlS0EKK0YvTGFYSlEzcm5QS0ZXaVlXbXh0Vm8xdGlZR0RnRFRLdFQzMDRIb2RQSzJTYTF2OE42OXhVZVhDZTFEV2MvbQpHNWovUzA2am1CV0xVbDZNWC90Mk5ra0NCMG1CQWdNQkFBR2pXVEJYTUE0R0ExVWREd0VCL3dRRUF3SUNwREFQCkJnTlZIUk1CQWY4RUJUQURBUUgvTUIwR0ExVWREZ1FXQkJUcGl2Q3hTaHpsdlZib0xxUm9vSkx3LzQvck9EQVYKQmdOVkhSRUVEakFNZ2dwcmRXSmxjbTVsZEdWek1BMEdDU3FHU0liM0RRRUJDd1VBQTRJQkFRQUk0WjQ3TVl4ZQo0Q01TMllOMStqZWpvbDVvN1hYNG5uWGVPd2oxNHlGY3F0UUY3c1A4UGh4ZFpPNFgzbVZqaVRMajJVMGlVckhLCmdxbklZR0lNWUJST0dzZUtwck01MGk3cDJQWVBqd09zNXpDNmVzbml4d3Njbk01YXJBdks3cm9rREYzN2hub0EKTWhDcXNYUGN4NndVOHpRbWpoaUxVWFh3OXNoVk1kdkk2RTdMQXc0QUd5OHVESytyT01ROXJwcm5FOERYWWlGSwpSZUl4ZllnTnlCcXBFRWNSYkE5NU1hU0VOUHhPajAxWHN1Y3Rmd0NidW5MeWdzeWZwNXFXb0tEQ01CdDU2dEs1CmsxZDRRejNBcmJ6cTltdzR1bllxOXJ0ell5TmZrRUptWitXSHZraG1UTkhuUEtxY1I1YnV4K1FYQ1MxQm56WEsKNGt5MjJzY0VZQUszCi0tLS0tRU5EIENFUlRJRklDQVRFLS0tLS0K"
              }
            ],
            "cluster_id": null,
            "created_at": "2024-04-16 22:46:04.953 +0000 UTC",
            "enabled_cluster_log_types": [],
            "encryption_config": [],
            "endpoint": "https://42FF92133295711D09E01FD6D73854C3.gr7.us-east-1.eks.amazonaws.com",
            "id": "tech",
            "identity": [
              {
                "oidc": [
                  {
                    "issuer": "https://oidc.eks.us-east-1.amazonaws.com/id/42FF92133295711D09E01FD6D73854C3"
                  }
                ]
              }
            ],
            "kubernetes_network_config": [
              {
                "ip_family": "ipv4",
                "service_ipv4_cidr": "10.100.0.0/16",
                "service_ipv6_cidr": ""
              }
            ],
            "name": "tech",
            "outpost_config": [],
            "platform_version": "eks.6",
            "role_arn": "arn:aws:iam::559588913990:role/LabRole",
            "status": "ACTIVE",
            "tags": {},
            "tags_all": {},
            "timeouts": null,
            "version": "1.29",
            "vpc_config": [
              {
                "cluster_security_group_id": "sg-0a35c750da9c141ef",
                "endpoint_private_access": false,
                "endpoint_public_access": true,
                "public_access_cidrs": [
                  "0.0.0.0/0"
                ],
                "security_group_ids": [
                  "sg-076557bdea12448e8"
                ],
                "subnet_ids": [
                  "subnet-096152ce70558c695",
                  "subnet-0a4f3a7a1762c42a4",
                  "subnet-0d621425c9fb661fd"
                ],
                "vpc_id": "vpc-0580b49d546417e03"
              }
            ]
          },
          "sensitive_attributes": [],
          "private": "eyJlMmJmYjczMC1lY2FhLTExZTYtOGY4OC0zNDM2M2JjN2M0YzAiOnsiY3JlYXRlIjoxODAwMDAwMDAwMDAwLCJkZWxldGUiOjkwMDAwMDAwMDAwMCwidXBkYXRlIjozNjAwMDAwMDAwMDAwfX0="
        }
      ]
    },
    {
      "mode": "managed",
      "type": "aws_eks_node_group",
      "name": "node",
      "provider": "provider[\"registry.terraform.io/hashicorp/aws\"]",
      "instances": [
        {
          "schema_version": 0,
          "attributes": {
            "ami_type": "AL2_x86_64",
            "arn": "arn:aws:eks:us-east-1:559588913990:nodegroup/tech/app/94c774a6-8975-900a-3c10-47ea561e1467",
            "capacity_type": "ON_DEMAND",
            "cluster_name": "tech",
            "disk_size": 50,
            "force_update_version": null,
            "id": "tech:app",
            "instance_types": [
              "t3.micro"
            ],
            "labels": null,
            "launch_template": [],
            "node_group_name": "app",
            "node_group_name_prefix": "",
            "node_role_arn": "arn:aws:iam::559588913990:role/LabRole",
            "release_version": "1.29.0-20240409",
            "remote_access": [],
            "resources": [
              {
                "autoscaling_groups": [
                  {
                    "name": "eks-app-94c774a6-8975-900a-3c10-47ea561e1467"
                  }
                ],
                "remote_access_security_group_id": ""
              }
            ],
            "scaling_config": [
              {
                "desired_size": 1,
                "max_size": 3,
                "min_size": 1
              }
            ],
            "status": "ACTIVE",
            "subnet_ids": [
              "subnet-096152ce70558c695",
              "subnet-0a4f3a7a1762c42a4",
              "subnet-0d621425c9fb661fd"
            ],
            "tags": null,
            "tags_all": {},
            "taint": [],
            "timeouts": null,
            "update_config": [
              {
                "max_unavailable": 1,
                "max_unavailable_percentage": 0
              }
            ],
            "version": "1.29"
          },
          "sensitive_attributes": [],
          "private": "eyJlMmJmYjczMC1lY2FhLTExZTYtOGY4OC0zNDM2M2JjN2M0YzAiOnsiY3JlYXRlIjozNjAwMDAwMDAwMDAwLCJkZWxldGUiOjM2MDAwMDAwMDAwMDAsInVwZGF0ZSI6MzYwMDAwMDAwMDAwMH19",
          "dependencies": [
            "aws_eks_cluster.tech"
          ]
        }
      ]
    }
  ],
  "check_results": null
}
